<Solution>
  <Folder Name="/src/">
    <Project Path="src/Encurtador.Api/Encurtador.Api.csproj" />
    <Project Path="src/Encurtador.Application/Encurtador.Application.csproj" />
    <Project Path="src/Encurtador.Domain/Encurtador.Domain.csproj" />
    <Project Path="src/Encurtador.Infrastructure/Encurtador.Infrastructure.csproj" />
  </Folder>
  <Folder Name="/tests/">
    <Project Path="tests/Encurtador.Tests/Encurtador.Tests.csproj" />
  </Folder>
</Solution>
